
Microsoft Visual Studio Solution File, Format Version 12.00
# Visual Studio Version 16
VisualStudioVersion = 16.0.31205.134
MinimumVisualStudioVersion = 10.0.40219.1
Project("{9A19103F-16F7-4668-BE54-9A1E7A4F7556}") = "ZooApplication", "ZooApplication\ZooApplication.csproj", "{F775F6B9-D13C-4331-9A18-7F7A473AA5CC}"
EndProject
Project("{FAE04EC0-301F-11D3-BF4B-00C04F79EFBC}") = "ZooTestproject", "ZooTestproject\ZooTestproject.csproj", "{BA5D7ADD-92F5-4AA5-A4C1-F69FE4661EA3}"
EndProject
Global
	GlobalSection(SolutionConfigurationPlatforms) = preSolution
		Debug|Any CPU = Debug|Any CPU
		Release|Any CPU = Release|Any CPU
	EndGlobalSection
	GlobalSection(ProjectConfigurationPlatforms) = postSolution
		{F775F6B9-D13C-4331-9A18-7F7A473AA5CC}.Debug|Any CPU.ActiveCfg = Debug|Any CPU
		{F775F6B9-D13C-4331-9A18-7F7A473AA5CC}.Debug|Any CPU.Build.0 = Debug|Any CPU
		{F775F6B9-D13C-4331-9A18-7F7A473AA5CC}.Release|Any CPU.ActiveCfg = Release|Any CPU
		{F775F6B9-D13C-4331-9A18-7F7A473AA5CC}.Release|Any CPU.Build.0 = Release|Any CPU
		{BA5D7ADD-92F5-4AA5-A4C1-F69FE4661EA3}.Debug|Any CPU.ActiveCfg = Debug|Any CPU
		{BA5D7ADD-92F5-4AA5-A4C1-F69FE4661EA3}.Debug|Any CPU.Build.0 = Debug|Any CPU
		{BA5D7ADD-92F5-4AA5-A4C1-F69FE4661EA3}.Release|Any CPU.ActiveCfg = Release|Any CPU
		{BA5D7ADD-92F5-4AA5-A4C1-F69FE4661EA3}.Release|Any CPU.Build.0 = Release|Any CPU
	EndGlobalSection
	GlobalSection(SolutionProperties) = preSolution
		HideSolutionNode = FALSE
	EndGlobalSection
	GlobalSection(ExtensibilityGlobals) = postSolution
		SolutionGuid = {B79E387C-0678-4857-9469-F73628F733F1}
	EndGlobalSection
EndGlobal
